
Microsoft Visual Studio Solution File, Format Version 12.00
# Visual Studio 2013
VisualStudioVersion = 12.0.31101.0
MinimumVisualStudioVersion = 10.0.40219.1
Project("{8BC9CEB8-8B4A-11D0-8D11-00A0C91BC942}") = "ObjAR", "ObjAR\ObjAR.vcxproj", "{2346C6F8-6057-42F3-B0D3-62473287DAA7}"
EndProject
Project("{8BC9CEB8-8B4A-11D0-8D11-00A0C91BC942}") = "mk_patt", "mk_patt\mk_patt.vcxproj", "{C8DC2FD6-6A6A-4B42-9D11-FF42979F0261}"
EndProject
Project("{8BC9CEB8-8B4A-11D0-8D11-00A0C91BC942}") = "gear", "gear\gear.vcxproj", "{1981A9DA-9285-45FB-A3CC-AB714A233119}"
EndProject
Global
	GlobalSection(SolutionConfigurationPlatforms) = preSolution
		Debug|Win32 = Debug|Win32
		Release|Win32 = Release|Win32
	EndGlobalSection
	GlobalSection(ProjectConfigurationPlatforms) = postSolution
		{2346C6F8-6057-42F3-B0D3-62473287DAA7}.Debug|Win32.ActiveCfg = Debug|Win32
		{2346C6F8-6057-42F3-B0D3-62473287DAA7}.Debug|Win32.Build.0 = Debug|Win32
		{2346C6F8-6057-42F3-B0D3-62473287DAA7}.Release|Win32.ActiveCfg = Release|Win32
		{2346C6F8-6057-42F3-B0D3-62473287DAA7}.Release|Win32.Build.0 = Release|Win32
		{C8DC2FD6-6A6A-4B42-9D11-FF42979F0261}.Debug|Win32.ActiveCfg = Debug|Win32
		{C8DC2FD6-6A6A-4B42-9D11-FF42979F0261}.Debug|Win32.Build.0 = Debug|Win32
		{C8DC2FD6-6A6A-4B42-9D11-FF42979F0261}.Release|Win32.ActiveCfg = Release|Win32
		{C8DC2FD6-6A6A-4B42-9D11-FF42979F0261}.Release|Win32.Build.0 = Release|Win32
		{1981A9DA-9285-45FB-A3CC-AB714A233119}.Debug|Win32.ActiveCfg = Debug|Win32
		{1981A9DA-9285-45FB-A3CC-AB714A233119}.Debug|Win32.Build.0 = Debug|Win32
		{1981A9DA-9285-45FB-A3CC-AB714A233119}.Release|Win32.ActiveCfg = Release|Win32
		{1981A9DA-9285-45FB-A3CC-AB714A233119}.Release|Win32.Build.0 = Release|Win32
	EndGlobalSection
	GlobalSection(SolutionProperties) = preSolution
		HideSolutionNode = FALSE
	EndGlobalSection
EndGlobal
